
Microsoft Visual Studio Solution File, Format Version 12.00
# Visual Studio Version 16
VisualStudioVersion = 16.0.30330.147
MinimumVisualStudioVersion = 10.0.40219.1
Project("{FAE04EC0-301F-11D3-BF4B-00C04F79EFBC}") = "PairConsoleApp", "PairConsoleApp\PairConsoleApp.csproj", "{CAEFA449-42CC-4147-85C9-ED1AA57E26F8}"
EndProject
Global
	GlobalSection(SolutionConfigurationPlatforms) = preSolution
		Debug|Any CPU = Debug|Any CPU
		Release|Any CPU = Release|Any CPU
	EndGlobalSection
	GlobalSection(ProjectConfigurationPlatforms) = postSolution
		{CAEFA449-42CC-4147-85C9-ED1AA57E26F8}.Debug|Any CPU.ActiveCfg = Debug|Any CPU
		{CAEFA449-42CC-4147-85C9-ED1AA57E26F8}.Debug|Any CPU.Build.0 = Debug|Any CPU
		{CAEFA449-42CC-4147-85C9-ED1AA57E26F8}.Release|Any CPU.ActiveCfg = Release|Any CPU
		{CAEFA449-42CC-4147-85C9-ED1AA57E26F8}.Release|Any CPU.Build.0 = Release|Any CPU
	EndGlobalSection
	GlobalSection(SolutionProperties) = preSolution
		HideSolutionNode = FALSE
	EndGlobalSection
	GlobalSection(ExtensibilityGlobals) = postSolution
		SolutionGuid = {F672FE72-C5DE-4C6E-A6ED-293F887FB4AD}
	EndGlobalSection
EndGlobal
